
Microsoft Visual Studio Solution File, Format Version 12.00
# Visual Studio Version 16
VisualStudioVersion = 16.0.29230.47
MinimumVisualStudioVersion = 10.0.40219.1
Project("{FAE04EC0-301F-11D3-BF4B-00C04F79EFBC}") = "WebApplication1", "WebApplication1.csproj", "{99CC8ED3-75C3-4031-8533-2BDFA64AAFC3}"
EndProject
Global
	GlobalSection(SolutionConfigurationPlatforms) = preSolution
		Debug|Any CPU = Debug|Any CPU
		Release|Any CPU = Release|Any CPU
	EndGlobalSection
	GlobalSection(ProjectConfigurationPlatforms) = postSolution
		{99CC8ED3-75C3-4031-8533-2BDFA64AAFC3}.Debug|Any CPU.ActiveCfg = Debug|Any CPU
		{99CC8ED3-75C3-4031-8533-2BDFA64AAFC3}.Debug|Any CPU.Build.0 = Debug|Any CPU
		{99CC8ED3-75C3-4031-8533-2BDFA64AAFC3}.Release|Any CPU.ActiveCfg = Release|Any CPU
		{99CC8ED3-75C3-4031-8533-2BDFA64AAFC3}.Release|Any CPU.Build.0 = Release|Any CPU
	EndGlobalSection
	GlobalSection(SolutionProperties) = preSolution
		HideSolutionNode = FALSE
	EndGlobalSection
	GlobalSection(ExtensibilityGlobals) = postSolution
		SolutionGuid = {11948EDB-331C-49B7-B2FB-171FBA39BD4D}
	EndGlobalSection
EndGlobal
